
Microsoft Visual Studio Solution File, Format Version 12.00
# Visual Studio 15
VisualStudioVersion = 15.0.28307.1022
MinimumVisualStudioVersion = 10.0.40219.1
Project("{FAE04EC0-301F-11D3-BF4B-00C04F79EFBC}") = "AnimalPlanet", "AnimalPlanet\AnimalPlanet.csproj", "{0C5F68EA-7657-44D2-AC36-4D1CE8A981B9}"
EndProject
Global
	GlobalSection(SolutionConfigurationPlatforms) = preSolution
		Debug|Any CPU = Debug|Any CPU
		Release|Any CPU = Release|Any CPU
	EndGlobalSection
	GlobalSection(ProjectConfigurationPlatforms) = postSolution
		{0C5F68EA-7657-44D2-AC36-4D1CE8A981B9}.Debug|Any CPU.ActiveCfg = Debug|Any CPU
		{0C5F68EA-7657-44D2-AC36-4D1CE8A981B9}.Debug|Any CPU.Build.0 = Debug|Any CPU
		{0C5F68EA-7657-44D2-AC36-4D1CE8A981B9}.Release|Any CPU.ActiveCfg = Release|Any CPU
		{0C5F68EA-7657-44D2-AC36-4D1CE8A981B9}.Release|Any CPU.Build.0 = Release|Any CPU
	EndGlobalSection
	GlobalSection(SolutionProperties) = preSolution
		HideSolutionNode = FALSE
	EndGlobalSection
	GlobalSection(ExtensibilityGlobals) = postSolution
		SolutionGuid = {D9386A5A-D7C2-4835-B74B-D38A4BBC232D}
	EndGlobalSection
EndGlobal
